{
  "name": "package.json",
  "version": "1.0.0",
  "lockfileVersion": 2,
  "requires": true,
  "packages": {
    "": {
      "name": "package.json",
      "version": "1.0.0",
      "license": "ISC",
      "dependencies": {
        "preact": "^10.8.2"
      }
    },
    "node_modules/preact": {
      "version": "10.8.2",
      "resolved": "https://registry.npmjs.org/preact/-/preact-10.8.2.tgz",
      "integrity": "sha512-AKGt0BsDSiAYzVS78jZ9qRwuorY2CoSZtf1iOC6gLb/3QyZt+fLT09aYJBjRc/BEcRc4j+j3ggERMdNE43i1LQ==",
      "funding": {
        "type": "opencollective",
        "url": "https://opencollective.com/preact"
      }
    }
  },
  "dependencies": {
    "preact": {
      "version": "10.8.2",
      "resolved": "https://registry.npmjs.org/preact/-/preact-10.8.2.tgz",
      "integrity": "sha512-AKGt0BsDSiAYzVS78jZ9qRwuorY2CoSZtf1iOC6gLb/3QyZt+fLT09aYJBjRc/BEcRc4j+j3ggERMdNE43i1LQ=="
    }
  }
}
